
Microsoft Visual Studio Solution File, Format Version 12.00
# Visual Studio Version 17
VisualStudioVersion = 17.13.35825.156 d17.13
MinimumVisualStudioVersion = 10.0.40219.1
Project("{FAE04EC0-301F-11D3-BF4B-00C04F79EFBC}") = "StatSnap", "StatSnap\StatSnap.csproj", "{161F1473-07B0-4D50-8ECA-5A854297D503}"
EndProject
Global
	GlobalSection(SolutionConfigurationPlatforms) = preSolution
		Debug|Any CPU = Debug|Any CPU
		Release|Any CPU = Release|Any CPU
	EndGlobalSection
	GlobalSection(ProjectConfigurationPlatforms) = postSolution
		{161F1473-07B0-4D50-8ECA-5A854297D503}.Debug|Any CPU.ActiveCfg = Debug|Any CPU
		{161F1473-07B0-4D50-8ECA-5A854297D503}.Debug|Any CPU.Build.0 = Debug|Any CPU
		{161F1473-07B0-4D50-8ECA-5A854297D503}.Release|Any CPU.ActiveCfg = Release|Any CPU
		{161F1473-07B0-4D50-8ECA-5A854297D503}.Release|Any CPU.Build.0 = Release|Any CPU
	EndGlobalSection
	GlobalSection(SolutionProperties) = preSolution
		HideSolutionNode = FALSE
	EndGlobalSection
	GlobalSection(ExtensibilityGlobals) = postSolution
		SolutionGuid = {FC2A2105-84D1-47BB-8F1D-7748B8DA799F}
	EndGlobalSection
EndGlobal
